
Microsoft Visual Studio Solution File, Format Version 12.00
# Visual Studio Version 17
VisualStudioVersion = 17.3.32929.385
MinimumVisualStudioVersion = 10.0.40219.1
Project("{FAE04EC0-301F-11D3-BF4B-00C04F79EFBC}") = "Homework_1_Task_1", "Homework_1\Homework_1_Task_1.csproj", "{5E82E483-38E8-4FA3-ADD4-BC228AE0D8CB}"
EndProject
Project("{FAE04EC0-301F-11D3-BF4B-00C04F79EFBC}") = "Homework_2_Task_1", "Homework_2\Homework_2_Task_1\Homework_2_Task_1.csproj", "{C994CF7C-34E3-4869-9913-F68D66FDFCF8}"
EndProject
Project("{FAE04EC0-301F-11D3-BF4B-00C04F79EFBC}") = "Homework_2_Task_2", "Homework_2\Homework_2_Task_2\Homework_2_Task_2.csproj", "{E4F1DE6E-A6C0-4D7E-9D40-6F17B5CA3DD8}"
EndProject
Project("{FAE04EC0-301F-11D3-BF4B-00C04F79EFBC}") = "Homework_2_Task_3", "Homework_2\Homework_2_Task_3\Homework_2_Task_3.csproj", "{28314650-C6D4-4CEE-818C-512121BE3870}"
EndProject
Project("{FAE04EC0-301F-11D3-BF4B-00C04F79EFBC}") = "Homework_2_Task_4", "Homework_2\Homework_2_Task_4\Homework_2_Task_4.csproj", "{FDEE7FB7-7F43-4449-B018-AE3F588AA7C6}"
EndProject
Project("{FAE04EC0-301F-11D3-BF4B-00C04F79EFBC}") = "Homework_2_Task_5", "Homework_2\Homework_2_Task_5\Homework_2_Task_5.csproj", "{96889978-03C4-4E18-897E-973D4A69C0EC}"
EndProject
Project("{2150E333-8FDC-42A3-9474-1A3956D46DE8}") = "Homework_2", "Homework_2", "{67CCC07C-CA81-48A3-90FF-5C2BE20B64B2}"
EndProject
Project("{2150E333-8FDC-42A3-9474-1A3956D46DE8}") = "Homework_1", "Homework_1", "{A2520475-2B2D-4442-99BE-011857DE0DE1}"
EndProject
Project("{2150E333-8FDC-42A3-9474-1A3956D46DE8}") = "Homework_3", "Homework_3", "{DF6FECE9-6D17-47C5-B371-7F85E28607C3}"
EndProject
Project("{FAE04EC0-301F-11D3-BF4B-00C04F79EFBC}") = "Homework_3_Task_1", "Homework_3\Homework_3_Task_1\Homework_3_Task_1.csproj", "{B41BDBDF-534F-4BC9-964E-D2F405835EDC}"
EndProject
Project("{FAE04EC0-301F-11D3-BF4B-00C04F79EFBC}") = "Homework_3_Task_2", "Homework_3\Homework_3_Task_2\Homework_3_Task_2.csproj", "{7F084B0A-F93C-41FA-BA74-5CC3D0AC6BE7}"
EndProject
Project("{2150E333-8FDC-42A3-9474-1A3956D46DE8}") = "Homework_4", "Homework_4", "{DF5247C7-BC41-4F4C-9782-A24ABF0A63AA}"
EndProject
Project("{FAE04EC0-301F-11D3-BF4B-00C04F79EFBC}") = "Homework_4_Task_1", "Homework_4\Homework_4_Task_1\Homework_4_Task_1.csproj", "{E45D121C-0DAF-4844-ABD0-9AE6F7506C3E}"
EndProject
Project("{FAE04EC0-301F-11D3-BF4B-00C04F79EFBC}") = "Homework_4_Task_2", "Homework_4\Homework_4_Task_2\Homework_4_Task_2.csproj", "{79128821-58C9-407F-97C5-E3DE5773DC8D}"
EndProject
Project("{2150E333-8FDC-42A3-9474-1A3956D46DE8}") = "Homework_5", "Homework_5", "{8B3E7A60-AACB-4E34-BB56-A68E7C290284}"
EndProject
Project("{FAE04EC0-301F-11D3-BF4B-00C04F79EFBC}") = "Homework_5", "Homework_5\Homework_5\Homework_5.csproj", "{4A752357-EFBD-4DEF-A9E2-4B6937010348}"
EndProject
Global
	GlobalSection(SolutionConfigurationPlatforms) = preSolution
		Debug|Any CPU = Debug|Any CPU
		Release|Any CPU = Release|Any CPU
	EndGlobalSection
	GlobalSection(ProjectConfigurationPlatforms) = postSolution
		{5E82E483-38E8-4FA3-ADD4-BC228AE0D8CB}.Debug|Any CPU.ActiveCfg = Debug|Any CPU
		{5E82E483-38E8-4FA3-ADD4-BC228AE0D8CB}.Debug|Any CPU.Build.0 = Debug|Any CPU
		{5E82E483-38E8-4FA3-ADD4-BC228AE0D8CB}.Release|Any CPU.ActiveCfg = Release|Any CPU
		{5E82E483-38E8-4FA3-ADD4-BC228AE0D8CB}.Release|Any CPU.Build.0 = Release|Any CPU
		{C994CF7C-34E3-4869-9913-F68D66FDFCF8}.Debug|Any CPU.ActiveCfg = Debug|Any CPU
		{C994CF7C-34E3-4869-9913-F68D66FDFCF8}.Debug|Any CPU.Build.0 = Debug|Any CPU
		{C994CF7C-34E3-4869-9913-F68D66FDFCF8}.Release|Any CPU.ActiveCfg = Release|Any CPU
		{C994CF7C-34E3-4869-9913-F68D66FDFCF8}.Release|Any CPU.Build.0 = Release|Any CPU
		{E4F1DE6E-A6C0-4D7E-9D40-6F17B5CA3DD8}.Debug|Any CPU.ActiveCfg = Debug|Any CPU
		{E4F1DE6E-A6C0-4D7E-9D40-6F17B5CA3DD8}.Debug|Any CPU.Build.0 = Debug|Any CPU
		{E4F1DE6E-A6C0-4D7E-9D40-6F17B5CA3DD8}.Release|Any CPU.ActiveCfg = Release|Any CPU
		{E4F1DE6E-A6C0-4D7E-9D40-6F17B5CA3DD8}.Release|Any CPU.Build.0 = Release|Any CPU
		{28314650-C6D4-4CEE-818C-512121BE3870}.Debug|Any CPU.ActiveCfg = Debug|Any CPU
		{28314650-C6D4-4CEE-818C-512121BE3870}.Debug|Any CPU.Build.0 = Debug|Any CPU
		{28314650-C6D4-4CEE-818C-512121BE3870}.Release|Any CPU.ActiveCfg = Release|Any CPU
		{28314650-C6D4-4CEE-818C-512121BE3870}.Release|Any CPU.Build.0 = Release|Any CPU
		{FDEE7FB7-7F43-4449-B018-AE3F588AA7C6}.Debug|Any CPU.ActiveCfg = Debug|Any CPU
		{FDEE7FB7-7F43-4449-B018-AE3F588AA7C6}.Debug|Any CPU.Build.0 = Debug|Any CPU
		{FDEE7FB7-7F43-4449-B018-AE3F588AA7C6}.Release|Any CPU.ActiveCfg = Release|Any CPU
		{FDEE7FB7-7F43-4449-B018-AE3F588AA7C6}.Release|Any CPU.Build.0 = Release|Any CPU
		{96889978-03C4-4E18-897E-973D4A69C0EC}.Debug|Any CPU.ActiveCfg = Debug|Any CPU
		{96889978-03C4-4E18-897E-973D4A69C0EC}.Debug|Any CPU.Build.0 = Debug|Any CPU
		{96889978-03C4-4E18-897E-973D4A69C0EC}.Release|Any CPU.ActiveCfg = Release|Any CPU
		{96889978-03C4-4E18-897E-973D4A69C0EC}.Release|Any CPU.Build.0 = Release|Any CPU
		{B41BDBDF-534F-4BC9-964E-D2F405835EDC}.Debug|Any CPU.ActiveCfg = Debug|Any CPU
		{B41BDBDF-534F-4BC9-964E-D2F405835EDC}.Debug|Any CPU.Build.0 = Debug|Any CPU
		{B41BDBDF-534F-4BC9-964E-D2F405835EDC}.Release|Any CPU.ActiveCfg = Release|Any CPU
		{B41BDBDF-534F-4BC9-964E-D2F405835EDC}.Release|Any CPU.Build.0 = Release|Any CPU
		{7F084B0A-F93C-41FA-BA74-5CC3D0AC6BE7}.Debug|Any CPU.ActiveCfg = Debug|Any CPU
		{7F084B0A-F93C-41FA-BA74-5CC3D0AC6BE7}.Debug|Any CPU.Build.0 = Debug|Any CPU
		{7F084B0A-F93C-41FA-BA74-5CC3D0AC6BE7}.Release|Any CPU.ActiveCfg = Release|Any CPU
		{7F084B0A-F93C-41FA-BA74-5CC3D0AC6BE7}.Release|Any CPU.Build.0 = Release|Any CPU
		{E45D121C-0DAF-4844-ABD0-9AE6F7506C3E}.Debug|Any CPU.ActiveCfg = Debug|Any CPU
		{E45D121C-0DAF-4844-ABD0-9AE6F7506C3E}.Debug|Any CPU.Build.0 = Debug|Any CPU
		{E45D121C-0DAF-4844-ABD0-9AE6F7506C3E}.Release|Any CPU.ActiveCfg = Release|Any CPU
		{E45D121C-0DAF-4844-ABD0-9AE6F7506C3E}.Release|Any CPU.Build.0 = Release|Any CPU
		{79128821-58C9-407F-97C5-E3DE5773DC8D}.Debug|Any CPU.ActiveCfg = Debug|Any CPU
		{79128821-58C9-407F-97C5-E3DE5773DC8D}.Debug|Any CPU.Build.0 = Debug|Any CPU
		{79128821-58C9-407F-97C5-E3DE5773DC8D}.Release|Any CPU.ActiveCfg = Release|Any CPU
		{79128821-58C9-407F-97C5-E3DE5773DC8D}.Release|Any CPU.Build.0 = Release|Any CPU
		{4A752357-EFBD-4DEF-A9E2-4B6937010348}.Debug|Any CPU.ActiveCfg = Debug|Any CPU
		{4A752357-EFBD-4DEF-A9E2-4B6937010348}.Debug|Any CPU.Build.0 = Debug|Any CPU
		{4A752357-EFBD-4DEF-A9E2-4B6937010348}.Release|Any CPU.ActiveCfg = Release|Any CPU
		{4A752357-EFBD-4DEF-A9E2-4B6937010348}.Release|Any CPU.Build.0 = Release|Any CPU
	EndGlobalSection
	GlobalSection(SolutionProperties) = preSolution
		HideSolutionNode = FALSE
	EndGlobalSection
	GlobalSection(NestedProjects) = preSolution
		{5E82E483-38E8-4FA3-ADD4-BC228AE0D8CB} = {A2520475-2B2D-4442-99BE-011857DE0DE1}
		{C994CF7C-34E3-4869-9913-F68D66FDFCF8} = {67CCC07C-CA81-48A3-90FF-5C2BE20B64B2}
		{E4F1DE6E-A6C0-4D7E-9D40-6F17B5CA3DD8} = {67CCC07C-CA81-48A3-90FF-5C2BE20B64B2}
		{28314650-C6D4-4CEE-818C-512121BE3870} = {67CCC07C-CA81-48A3-90FF-5C2BE20B64B2}
		{FDEE7FB7-7F43-4449-B018-AE3F588AA7C6} = {67CCC07C-CA81-48A3-90FF-5C2BE20B64B2}
		{96889978-03C4-4E18-897E-973D4A69C0EC} = {67CCC07C-CA81-48A3-90FF-5C2BE20B64B2}
		{B41BDBDF-534F-4BC9-964E-D2F405835EDC} = {DF6FECE9-6D17-47C5-B371-7F85E28607C3}
		{7F084B0A-F93C-41FA-BA74-5CC3D0AC6BE7} = {DF6FECE9-6D17-47C5-B371-7F85E28607C3}
		{E45D121C-0DAF-4844-ABD0-9AE6F7506C3E} = {DF5247C7-BC41-4F4C-9782-A24ABF0A63AA}
		{79128821-58C9-407F-97C5-E3DE5773DC8D} = {DF5247C7-BC41-4F4C-9782-A24ABF0A63AA}
		{4A752357-EFBD-4DEF-A9E2-4B6937010348} = {8B3E7A60-AACB-4E34-BB56-A68E7C290284}
	EndGlobalSection
	GlobalSection(ExtensibilityGlobals) = postSolution
		SolutionGuid = {6F476F62-58A0-4CA4-9A31-BDF17B5245AA}
	EndGlobalSection
EndGlobal
